
Microsoft Visual Studio Solution File, Format Version 12.00
# Visual Studio Version 17
VisualStudioVersion = 17.3.32825.248
MinimumVisualStudioVersion = 10.0.40219.1
Project("{9A19103F-16F7-4668-BE54-9A1E7A4F7556}") = "Rabbiter", "src\Rabbiter\Rabbiter.csproj", "{AE87973F-D788-45E0-B929-1990B4FE4679}"
EndProject
Project("{FAE04EC0-301F-11D3-BF4B-00C04F79EFBC}") = "IntegrationTests", "tests\IntegrationTests\IntegrationTests.csproj", "{ABF4BDBD-9B50-4739-8078-DD7794039707}"
EndProject
Global
	GlobalSection(SolutionConfigurationPlatforms) = preSolution
		Debug|Any CPU = Debug|Any CPU
		Release|Any CPU = Release|Any CPU
	EndGlobalSection
	GlobalSection(ProjectConfigurationPlatforms) = postSolution
		{AE87973F-D788-45E0-B929-1990B4FE4679}.Debug|Any CPU.ActiveCfg = Debug|Any CPU
		{AE87973F-D788-45E0-B929-1990B4FE4679}.Debug|Any CPU.Build.0 = Debug|Any CPU
		{AE87973F-D788-45E0-B929-1990B4FE4679}.Release|Any CPU.ActiveCfg = Release|Any CPU
		{AE87973F-D788-45E0-B929-1990B4FE4679}.Release|Any CPU.Build.0 = Release|Any CPU
		{ABF4BDBD-9B50-4739-8078-DD7794039707}.Debug|Any CPU.ActiveCfg = Debug|Any CPU
		{ABF4BDBD-9B50-4739-8078-DD7794039707}.Debug|Any CPU.Build.0 = Debug|Any CPU
		{ABF4BDBD-9B50-4739-8078-DD7794039707}.Release|Any CPU.ActiveCfg = Release|Any CPU
		{ABF4BDBD-9B50-4739-8078-DD7794039707}.Release|Any CPU.Build.0 = Release|Any CPU
	EndGlobalSection
	GlobalSection(SolutionProperties) = preSolution
		HideSolutionNode = FALSE
	EndGlobalSection
	GlobalSection(ExtensibilityGlobals) = postSolution
		SolutionGuid = {69C1A8FC-8542-46C2-BFC2-A6E9B31840FC}
	EndGlobalSection
EndGlobal
